
Microsoft Visual Studio Solution File, Format Version 12.00
# Visual Studio Version 17
VisualStudioVersion = 17.5.002.0
MinimumVisualStudioVersion = 10.0.40219.1
Project("{9A19103F-16F7-4668-BE54-9A1E7A4F7556}") = "Northwind", "Northwind\Northwind.csproj", "{245088F1-9DAB-4E8D-9775-86534DF5E8BE}"
EndProject
Global
	GlobalSection(SolutionConfigurationPlatforms) = preSolution
		Debug|Any CPU = Debug|Any CPU
		Release|Any CPU = Release|Any CPU
	EndGlobalSection
	GlobalSection(ProjectConfigurationPlatforms) = postSolution
		{245088F1-9DAB-4E8D-9775-86534DF5E8BE}.Debug|Any CPU.ActiveCfg = Debug|Any CPU
		{245088F1-9DAB-4E8D-9775-86534DF5E8BE}.Debug|Any CPU.Build.0 = Debug|Any CPU
		{245088F1-9DAB-4E8D-9775-86534DF5E8BE}.Release|Any CPU.ActiveCfg = Release|Any CPU
		{245088F1-9DAB-4E8D-9775-86534DF5E8BE}.Release|Any CPU.Build.0 = Release|Any CPU
	EndGlobalSection
	GlobalSection(SolutionProperties) = preSolution
		HideSolutionNode = FALSE
	EndGlobalSection
	GlobalSection(ExtensibilityGlobals) = postSolution
		SolutionGuid = {6EEEF75E-FF9C-441E-97A9-C2EF8C68CD12}
	EndGlobalSection
EndGlobal
